
Microsoft Visual Studio Solution File, Format Version 12.00
# Visual Studio Version 17
VisualStudioVersion = 17.13.35931.197
MinimumVisualStudioVersion = 10.0.40219.1
Project("{FAE04EC0-301F-11D3-BF4B-00C04F79EFBC}") = "metod", "metod\metod.csproj", "{253FF67B-785B-4A05-AA40-4022AD328EA9}"
EndProject
Project("{FAE04EC0-301F-11D3-BF4B-00C04F79EFBC}") = "metod1", "metod1\metod1.csproj", "{8CDD503A-80D0-4ACB-B2CF-BE4E19AB7492}"
EndProject
Project("{FAE04EC0-301F-11D3-BF4B-00C04F79EFBC}") = "metod2", "metod2\metod2.csproj", "{B948D0B1-E0D3-4D88-ADEC-B46CE7CCCDBC}"
EndProject
Global
	GlobalSection(SolutionConfigurationPlatforms) = preSolution
		Debug|Any CPU = Debug|Any CPU
		Release|Any CPU = Release|Any CPU
	EndGlobalSection
	GlobalSection(ProjectConfigurationPlatforms) = postSolution
		{253FF67B-785B-4A05-AA40-4022AD328EA9}.Debug|Any CPU.ActiveCfg = Debug|Any CPU
		{253FF67B-785B-4A05-AA40-4022AD328EA9}.Debug|Any CPU.Build.0 = Debug|Any CPU
		{253FF67B-785B-4A05-AA40-4022AD328EA9}.Release|Any CPU.ActiveCfg = Release|Any CPU
		{253FF67B-785B-4A05-AA40-4022AD328EA9}.Release|Any CPU.Build.0 = Release|Any CPU
		{8CDD503A-80D0-4ACB-B2CF-BE4E19AB7492}.Debug|Any CPU.ActiveCfg = Debug|Any CPU
		{8CDD503A-80D0-4ACB-B2CF-BE4E19AB7492}.Debug|Any CPU.Build.0 = Debug|Any CPU
		{8CDD503A-80D0-4ACB-B2CF-BE4E19AB7492}.Release|Any CPU.ActiveCfg = Release|Any CPU
		{8CDD503A-80D0-4ACB-B2CF-BE4E19AB7492}.Release|Any CPU.Build.0 = Release|Any CPU
		{B948D0B1-E0D3-4D88-ADEC-B46CE7CCCDBC}.Debug|Any CPU.ActiveCfg = Debug|Any CPU
		{B948D0B1-E0D3-4D88-ADEC-B46CE7CCCDBC}.Debug|Any CPU.Build.0 = Debug|Any CPU
		{B948D0B1-E0D3-4D88-ADEC-B46CE7CCCDBC}.Release|Any CPU.ActiveCfg = Release|Any CPU
		{B948D0B1-E0D3-4D88-ADEC-B46CE7CCCDBC}.Release|Any CPU.Build.0 = Release|Any CPU
	EndGlobalSection
	GlobalSection(SolutionProperties) = preSolution
		HideSolutionNode = FALSE
	EndGlobalSection
	GlobalSection(ExtensibilityGlobals) = postSolution
		SolutionGuid = {780FC7F5-0227-4233-8795-6C9D665D55C6}
	EndGlobalSection
EndGlobal
